
Microsoft Visual Studio Solution File, Format Version 12.00
# Visual Studio 14
VisualStudioVersion = 14.0.25420.1
MinimumVisualStudioVersion = 10.0.40219.1
Project("{FAE04EC0-301F-11D3-BF4B-00C04F79EFBC}") = "SWCCorp.UI", "SWC Corp\SWCCorp.UI.csproj", "{93A337F5-6687-4475-BBEC-FE2E8CA5DAEE}"
EndProject
Project("{FAE04EC0-301F-11D3-BF4B-00C04F79EFBC}") = "SWCCorp.BLL", "SWCCorp.BLL\SWCCorp.BLL.csproj", "{83F12ED9-F56B-4F4A-A1A6-BC8C6B4F13F3}"
EndProject
Project("{FAE04EC0-301F-11D3-BF4B-00C04F79EFBC}") = "SWCCorp.Data", "SWCCorp.Data\SWCCorp.Data.csproj", "{73EC5D30-ABDE-4BE9-9BCF-3A8C17D980D6}"
EndProject
Project("{FAE04EC0-301F-11D3-BF4B-00C04F79EFBC}") = "SWCCorp.Models", "SWCCorp.Models\SWCCorp.Models.csproj", "{7486B84B-F20E-4D98-B2DF-22DF00488A18}"
EndProject
Project("{FAE04EC0-301F-11D3-BF4B-00C04F79EFBC}") = "SWCCorp.Tests", "SWCCorp.Tests\SWCCorp.Tests.csproj", "{7173B4EA-9413-4713-9142-9AD8589D0D85}"
EndProject
Project("{FAE04EC0-301F-11D3-BF4B-00C04F79EFBC}") = "ScratchPad", "ScratchPad\ScratchPad.csproj", "{D5C8EDF4-DCEE-4E51-AEA4-1DC0AB3A6B6A}"
EndProject
Global
	GlobalSection(SolutionConfigurationPlatforms) = preSolution
		Debug|Any CPU = Debug|Any CPU
		Release|Any CPU = Release|Any CPU
	EndGlobalSection
	GlobalSection(ProjectConfigurationPlatforms) = postSolution
		{93A337F5-6687-4475-BBEC-FE2E8CA5DAEE}.Debug|Any CPU.ActiveCfg = Debug|Any CPU
		{93A337F5-6687-4475-BBEC-FE2E8CA5DAEE}.Debug|Any CPU.Build.0 = Debug|Any CPU
		{93A337F5-6687-4475-BBEC-FE2E8CA5DAEE}.Release|Any CPU.ActiveCfg = Release|Any CPU
		{93A337F5-6687-4475-BBEC-FE2E8CA5DAEE}.Release|Any CPU.Build.0 = Release|Any CPU
		{83F12ED9-F56B-4F4A-A1A6-BC8C6B4F13F3}.Debug|Any CPU.ActiveCfg = Debug|Any CPU
		{83F12ED9-F56B-4F4A-A1A6-BC8C6B4F13F3}.Debug|Any CPU.Build.0 = Debug|Any CPU
		{83F12ED9-F56B-4F4A-A1A6-BC8C6B4F13F3}.Release|Any CPU.ActiveCfg = Release|Any CPU
		{83F12ED9-F56B-4F4A-A1A6-BC8C6B4F13F3}.Release|Any CPU.Build.0 = Release|Any CPU
		{73EC5D30-ABDE-4BE9-9BCF-3A8C17D980D6}.Debug|Any CPU.ActiveCfg = Debug|Any CPU
		{73EC5D30-ABDE-4BE9-9BCF-3A8C17D980D6}.Debug|Any CPU.Build.0 = Debug|Any CPU
		{73EC5D30-ABDE-4BE9-9BCF-3A8C17D980D6}.Release|Any CPU.ActiveCfg = Release|Any CPU
		{73EC5D30-ABDE-4BE9-9BCF-3A8C17D980D6}.Release|Any CPU.Build.0 = Release|Any CPU
		{7486B84B-F20E-4D98-B2DF-22DF00488A18}.Debug|Any CPU.ActiveCfg = Debug|Any CPU
		{7486B84B-F20E-4D98-B2DF-22DF00488A18}.Debug|Any CPU.Build.0 = Debug|Any CPU
		{7486B84B-F20E-4D98-B2DF-22DF00488A18}.Release|Any CPU.ActiveCfg = Release|Any CPU
		{7486B84B-F20E-4D98-B2DF-22DF00488A18}.Release|Any CPU.Build.0 = Release|Any CPU
		{7173B4EA-9413-4713-9142-9AD8589D0D85}.Debug|Any CPU.ActiveCfg = Debug|Any CPU
		{7173B4EA-9413-4713-9142-9AD8589D0D85}.Debug|Any CPU.Build.0 = Debug|Any CPU
		{7173B4EA-9413-4713-9142-9AD8589D0D85}.Release|Any CPU.ActiveCfg = Release|Any CPU
		{7173B4EA-9413-4713-9142-9AD8589D0D85}.Release|Any CPU.Build.0 = Release|Any CPU
		{D5C8EDF4-DCEE-4E51-AEA4-1DC0AB3A6B6A}.Debug|Any CPU.ActiveCfg = Debug|Any CPU
		{D5C8EDF4-DCEE-4E51-AEA4-1DC0AB3A6B6A}.Debug|Any CPU.Build.0 = Debug|Any CPU
		{D5C8EDF4-DCEE-4E51-AEA4-1DC0AB3A6B6A}.Release|Any CPU.ActiveCfg = Release|Any CPU
		{D5C8EDF4-DCEE-4E51-AEA4-1DC0AB3A6B6A}.Release|Any CPU.Build.0 = Release|Any CPU
	EndGlobalSection
	GlobalSection(SolutionProperties) = preSolution
		HideSolutionNode = FALSE
	EndGlobalSection
EndGlobal
